
Microsoft Visual Studio Solution File, Format Version 12.00
# Visual Studio 15
Project("{FAE04EC0-301F-11D3-BF4B-00C04F79EFBC}") = "DemoReelMaker.ConsoleApp", "DemoReelMaker.ConsoleApp\DemoReelMaker.ConsoleApp.csproj", "{DEE2E8F1-5E77-4D65-9F3B-C936DB1F0905}"
EndProject
Global
	GlobalSection(SolutionConfigurationPlatforms) = preSolution
		Debug|Any CPU = Debug|Any CPU
		Release|Any CPU = Release|Any CPU
	EndGlobalSection
	GlobalSection(ProjectConfigurationPlatforms) = postSolution
		{DEE2E8F1-5E77-4D65-9F3B-C936DB1F0905}.Debug|Any CPU.ActiveCfg = Debug|Any CPU
		{DEE2E8F1-5E77-4D65-9F3B-C936DB1F0905}.Debug|Any CPU.Build.0 = Debug|Any CPU
		{DEE2E8F1-5E77-4D65-9F3B-C936DB1F0905}.Release|Any CPU.ActiveCfg = Release|Any CPU
		{DEE2E8F1-5E77-4D65-9F3B-C936DB1F0905}.Release|Any CPU.Build.0 = Release|Any CPU
	EndGlobalSection
EndGlobal
